
Microsoft Visual Studio Solution File, Format Version 12.00
# Visual Studio Version 17
VisualStudioVersion = 17.0.31903.59
MinimumVisualStudioVersion = 10.0.40219.1
Project("{2150E333-8FDC-42A3-9474-1A3956D46DE8}") = "Services", "Services", "{FA3A4390-0AAF-4C28-BAB4-91C898924A23}"
EndProject
Project("{2150E333-8FDC-42A3-9474-1A3956D46DE8}") = "Catalog", "Catalog", "{F8BC2526-B515-4EE0-ABDC-89434D6A72EC}"
EndProject
Project("{9A19103F-16F7-4668-BE54-9A1E7A4F7556}") = "Catalog.API", "Services\Catalog\Catalog.API\Catalog.API.csproj", "{93A35DA0-E4A2-40D2-AA40-F028116C42CD}"
EndProject
Project("{E53339B2-1760-4266-BCC7-CA923CBCF16C}") = "docker-compose", "docker-compose.dcproj", "{0DC44B0B-013D-468F-99AE-B747A3898D04}"
EndProject
Project("{2150E333-8FDC-42A3-9474-1A3956D46DE8}") = "Basket", "Basket", "{C65336C2-99F5-4D4C-B1BA-65A371C07C32}"
EndProject
Project("{9A19103F-16F7-4668-BE54-9A1E7A4F7556}") = "Basket.API", "Services\Basket\Basket.API\Basket.API.csproj", "{11BC5DD7-CDE5-4A9A-9989-4E9A59FD50D2}"
EndProject
Project("{2150E333-8FDC-42A3-9474-1A3956D46DE8}") = "Discount", "Discount", "{0F5EC560-6CC5-4CDC-A17E-50D0947E9B0B}"
EndProject
Project("{9A19103F-16F7-4668-BE54-9A1E7A4F7556}") = "Discount.API", "Services\Discount\Discount.API\Discount.API.csproj", "{57ABAE7B-97D9-4D9B-AF26-8439ED32A303}"
EndProject
Project("{FAE04EC0-301F-11D3-BF4B-00C04F79EFBC}") = "Discount.Grpc", "Services\Discount\Discount.Grpc\Discount.Grpc.csproj", "{AD18BFB4-B626-4314-81F9-61B35B5DE94C}"
EndProject
Project("{2150E333-8FDC-42A3-9474-1A3956D46DE8}") = "Ordering", "Ordering", "{ACA70E9E-531B-4655-955C-E3FB6EEDB5F3}"
EndProject
Project("{FAE04EC0-301F-11D3-BF4B-00C04F79EFBC}") = "Ordering.API", "services\ordering\Ordering.API\Ordering.API.csproj", "{80943FB2-7668-4FA1-BF05-3A85EB8AE80F}"
EndProject
Project("{FAE04EC0-301F-11D3-BF4B-00C04F79EFBC}") = "Ordering.Domain", "services\ordering\Ordering.Domain\Ordering.Domain.csproj", "{AA399D20-B92B-4E3F-9569-696AA64C3A7A}"
EndProject
Project("{FAE04EC0-301F-11D3-BF4B-00C04F79EFBC}") = "Ordering.Application", "Services\ordering\Ordering.Application\Ordering.Application.csproj", "{A43E35EA-082C-435E-8EC4-6017E294CE53}"
EndProject
Project("{FAE04EC0-301F-11D3-BF4B-00C04F79EFBC}") = "Ordering.Infrastructure", "Services\ordering\Ordering.Infrastructure\Ordering.Infrastructure.csproj", "{53B38339-FB4C-4BF3-95DF-DA98E3A8D3E4}"
EndProject
Global
	GlobalSection(SolutionConfigurationPlatforms) = preSolution
		Debug|Any CPU = Debug|Any CPU
		Release|Any CPU = Release|Any CPU
	EndGlobalSection
	GlobalSection(ProjectConfigurationPlatforms) = postSolution
		{93A35DA0-E4A2-40D2-AA40-F028116C42CD}.Debug|Any CPU.ActiveCfg = Debug|Any CPU
		{93A35DA0-E4A2-40D2-AA40-F028116C42CD}.Debug|Any CPU.Build.0 = Debug|Any CPU
		{93A35DA0-E4A2-40D2-AA40-F028116C42CD}.Release|Any CPU.ActiveCfg = Release|Any CPU
		{93A35DA0-E4A2-40D2-AA40-F028116C42CD}.Release|Any CPU.Build.0 = Release|Any CPU
		{0DC44B0B-013D-468F-99AE-B747A3898D04}.Debug|Any CPU.ActiveCfg = Debug|Any CPU
		{0DC44B0B-013D-468F-99AE-B747A3898D04}.Debug|Any CPU.Build.0 = Debug|Any CPU
		{0DC44B0B-013D-468F-99AE-B747A3898D04}.Release|Any CPU.ActiveCfg = Release|Any CPU
		{0DC44B0B-013D-468F-99AE-B747A3898D04}.Release|Any CPU.Build.0 = Release|Any CPU
		{11BC5DD7-CDE5-4A9A-9989-4E9A59FD50D2}.Debug|Any CPU.ActiveCfg = Debug|Any CPU
		{11BC5DD7-CDE5-4A9A-9989-4E9A59FD50D2}.Debug|Any CPU.Build.0 = Debug|Any CPU
		{11BC5DD7-CDE5-4A9A-9989-4E9A59FD50D2}.Release|Any CPU.ActiveCfg = Release|Any CPU
		{11BC5DD7-CDE5-4A9A-9989-4E9A59FD50D2}.Release|Any CPU.Build.0 = Release|Any CPU
		{57ABAE7B-97D9-4D9B-AF26-8439ED32A303}.Debug|Any CPU.ActiveCfg = Debug|Any CPU
		{57ABAE7B-97D9-4D9B-AF26-8439ED32A303}.Debug|Any CPU.Build.0 = Debug|Any CPU
		{57ABAE7B-97D9-4D9B-AF26-8439ED32A303}.Release|Any CPU.ActiveCfg = Release|Any CPU
		{57ABAE7B-97D9-4D9B-AF26-8439ED32A303}.Release|Any CPU.Build.0 = Release|Any CPU
		{AD18BFB4-B626-4314-81F9-61B35B5DE94C}.Debug|Any CPU.ActiveCfg = Debug|Any CPU
		{AD18BFB4-B626-4314-81F9-61B35B5DE94C}.Debug|Any CPU.Build.0 = Debug|Any CPU
		{AD18BFB4-B626-4314-81F9-61B35B5DE94C}.Release|Any CPU.ActiveCfg = Release|Any CPU
		{AD18BFB4-B626-4314-81F9-61B35B5DE94C}.Release|Any CPU.Build.0 = Release|Any CPU
		{80943FB2-7668-4FA1-BF05-3A85EB8AE80F}.Debug|Any CPU.ActiveCfg = Debug|Any CPU
		{80943FB2-7668-4FA1-BF05-3A85EB8AE80F}.Debug|Any CPU.Build.0 = Debug|Any CPU
		{80943FB2-7668-4FA1-BF05-3A85EB8AE80F}.Release|Any CPU.ActiveCfg = Release|Any CPU
		{80943FB2-7668-4FA1-BF05-3A85EB8AE80F}.Release|Any CPU.Build.0 = Release|Any CPU
		{AA399D20-B92B-4E3F-9569-696AA64C3A7A}.Debug|Any CPU.ActiveCfg = Debug|Any CPU
		{AA399D20-B92B-4E3F-9569-696AA64C3A7A}.Debug|Any CPU.Build.0 = Debug|Any CPU
		{AA399D20-B92B-4E3F-9569-696AA64C3A7A}.Release|Any CPU.ActiveCfg = Release|Any CPU
		{AA399D20-B92B-4E3F-9569-696AA64C3A7A}.Release|Any CPU.Build.0 = Release|Any CPU
		{A43E35EA-082C-435E-8EC4-6017E294CE53}.Debug|Any CPU.ActiveCfg = Debug|Any CPU
		{A43E35EA-082C-435E-8EC4-6017E294CE53}.Debug|Any CPU.Build.0 = Debug|Any CPU
		{A43E35EA-082C-435E-8EC4-6017E294CE53}.Release|Any CPU.ActiveCfg = Release|Any CPU
		{A43E35EA-082C-435E-8EC4-6017E294CE53}.Release|Any CPU.Build.0 = Release|Any CPU
		{53B38339-FB4C-4BF3-95DF-DA98E3A8D3E4}.Debug|Any CPU.ActiveCfg = Debug|Any CPU
		{53B38339-FB4C-4BF3-95DF-DA98E3A8D3E4}.Debug|Any CPU.Build.0 = Debug|Any CPU
		{53B38339-FB4C-4BF3-95DF-DA98E3A8D3E4}.Release|Any CPU.ActiveCfg = Release|Any CPU
		{53B38339-FB4C-4BF3-95DF-DA98E3A8D3E4}.Release|Any CPU.Build.0 = Release|Any CPU
	EndGlobalSection
	GlobalSection(SolutionProperties) = preSolution
		HideSolutionNode = FALSE
	EndGlobalSection
	GlobalSection(NestedProjects) = preSolution
		{F8BC2526-B515-4EE0-ABDC-89434D6A72EC} = {FA3A4390-0AAF-4C28-BAB4-91C898924A23}
		{93A35DA0-E4A2-40D2-AA40-F028116C42CD} = {F8BC2526-B515-4EE0-ABDC-89434D6A72EC}
		{C65336C2-99F5-4D4C-B1BA-65A371C07C32} = {FA3A4390-0AAF-4C28-BAB4-91C898924A23}
		{11BC5DD7-CDE5-4A9A-9989-4E9A59FD50D2} = {C65336C2-99F5-4D4C-B1BA-65A371C07C32}
		{0F5EC560-6CC5-4CDC-A17E-50D0947E9B0B} = {FA3A4390-0AAF-4C28-BAB4-91C898924A23}
		{57ABAE7B-97D9-4D9B-AF26-8439ED32A303} = {0F5EC560-6CC5-4CDC-A17E-50D0947E9B0B}
		{AD18BFB4-B626-4314-81F9-61B35B5DE94C} = {0F5EC560-6CC5-4CDC-A17E-50D0947E9B0B}
		{ACA70E9E-531B-4655-955C-E3FB6EEDB5F3} = {FA3A4390-0AAF-4C28-BAB4-91C898924A23}
		{80943FB2-7668-4FA1-BF05-3A85EB8AE80F} = {ACA70E9E-531B-4655-955C-E3FB6EEDB5F3}
		{AA399D20-B92B-4E3F-9569-696AA64C3A7A} = {ACA70E9E-531B-4655-955C-E3FB6EEDB5F3}
		{A43E35EA-082C-435E-8EC4-6017E294CE53} = {ACA70E9E-531B-4655-955C-E3FB6EEDB5F3}
		{53B38339-FB4C-4BF3-95DF-DA98E3A8D3E4} = {ACA70E9E-531B-4655-955C-E3FB6EEDB5F3}
	EndGlobalSection
	GlobalSection(ExtensibilityGlobals) = postSolution
		SolutionGuid = {E7146347-EF28-4897-9F52-810151836114}
	EndGlobalSection
EndGlobal
